
Microsoft Visual Studio Solution File, Format Version 12.00
# Visual Studio 14
VisualStudioVersion = 14.0.25420.1
MinimumVisualStudioVersion = 10.0.40219.1
Project("{FAE04EC0-301F-11D3-BF4B-00C04F79EFBC}") = "CustomActivity", "CustomActivity\CustomActivity.csproj", "{F72C9E77-8CFF-4036-95EA-18496445A3F0}"
EndProject
Project("{FAE04EC0-301F-11D3-BF4B-00C04F79EFBC}") = "CustomActivityTest", "CustomActivityTest\CustomActivityTest.csproj", "{5303D8E7-66A5-4EC9-9763-322D99CB078A}"
	ProjectSection(ProjectDependencies) = postProject
		{F72C9E77-8CFF-4036-95EA-18496445A3F0} = {F72C9E77-8CFF-4036-95EA-18496445A3F0}
	EndProjectSection
EndProject
Global
	GlobalSection(SolutionConfigurationPlatforms) = preSolution
		Debug|Any CPU = Debug|Any CPU
		Debug|x86 = Debug|x86
		Release|Any CPU = Release|Any CPU
		Release|x86 = Release|x86
	EndGlobalSection
	GlobalSection(ProjectConfigurationPlatforms) = postSolution
		{F72C9E77-8CFF-4036-95EA-18496445A3F0}.Debug|Any CPU.ActiveCfg = Debug|Any CPU
		{F72C9E77-8CFF-4036-95EA-18496445A3F0}.Debug|Any CPU.Build.0 = Debug|Any CPU
		{F72C9E77-8CFF-4036-95EA-18496445A3F0}.Debug|x86.ActiveCfg = Debug|Any CPU
		{F72C9E77-8CFF-4036-95EA-18496445A3F0}.Debug|x86.Build.0 = Debug|Any CPU
		{F72C9E77-8CFF-4036-95EA-18496445A3F0}.Release|Any CPU.ActiveCfg = Release|Any CPU
		{F72C9E77-8CFF-4036-95EA-18496445A3F0}.Release|Any CPU.Build.0 = Release|Any CPU
		{F72C9E77-8CFF-4036-95EA-18496445A3F0}.Release|x86.ActiveCfg = Release|Any CPU
		{F72C9E77-8CFF-4036-95EA-18496445A3F0}.Release|x86.Build.0 = Release|Any CPU
		{5303D8E7-66A5-4EC9-9763-322D99CB078A}.Debug|Any CPU.ActiveCfg = Debug|x86
		{5303D8E7-66A5-4EC9-9763-322D99CB078A}.Debug|Any CPU.Build.0 = Debug|x86
		{5303D8E7-66A5-4EC9-9763-322D99CB078A}.Debug|x86.ActiveCfg = Debug|x86
		{5303D8E7-66A5-4EC9-9763-322D99CB078A}.Debug|x86.Build.0 = Debug|x86
		{5303D8E7-66A5-4EC9-9763-322D99CB078A}.Release|Any CPU.ActiveCfg = Release|x86
		{5303D8E7-66A5-4EC9-9763-322D99CB078A}.Release|x86.ActiveCfg = Release|x86
		{5303D8E7-66A5-4EC9-9763-322D99CB078A}.Release|x86.Build.0 = Release|x86
	EndGlobalSection
	GlobalSection(SolutionProperties) = preSolution
		HideSolutionNode = FALSE
	EndGlobalSection
EndGlobal
